github.com/GoogleChrome/workbox v7.1.0+incompatible h1:xy3Z0rMQTqBiAz2HiLMZH8DjamG7nriortPNgtWH7AY=
github.com/GoogleChrome/workbox v7.1.0+incompatible/go.mod h1:dyEoGLpJeO43pUVJb+nNNr1WRgoF81hNEl4UGLV+yow=
github.com/KaTeX/KaTeX v0.16.11 h1:mJL23AnBPtkm8tT3rAP3nohDJvwQkAejyWiPDDq7Fns=
github.com/KaTeX/KaTeX v0.16.11/go.mod h1:VI+aE+CVs/VqtbHnuhstfQST46GmrwpXH7LQAzYIouw=
github.com/Templarian/MaterialDesign-SVG v7.4.47+incompatible h1:w99yYrLvkTj5A9Dxd8mzNoFQpOBx9aRS03RrrqjzLuw=
github.com/Templarian/MaterialDesign-SVG v7.4.47+incompatible/go.mod h1:SRSiaLOZazGp4UpKPQRm37h4A3cKLHXaybAqaJ7Lfx8=
github.com/desandro/masonry v4.2.2+incompatible h1:4LI69kwq5DJSF9jhHVGfCw+q2Nt3IgJ0KzEp19Z3YiA=
github.com/desandro/masonry v4.2.2+incompatible/go.mod h1:4P4Or5YZcNuAtGW3JOYLTrmi+ZyqhCPj7xTgradMEVU=
github.com/feathericons/feather v4.29.2+incompatible h1:T71K08C6i0/Ke6R7EEKjo+rOfo7EmH10uEkaRv1XPSw=
github.com/feathericons/feather v4.29.2+incompatible/go.mod h1:+F8Ba9cmRHWu0pOVoZtid0iwkNJ8hr959HyPwj3hsRg=
github.com/gohugoio/hugo-mod-bootstrap-scss/v5 v5.20300.20200 h1:SmpwwN3DNzJWbV+IT8gaFu07ENUFpCvKou5BHYUKuVs=
github.com/gohugoio/hugo-mod-bootstrap-scss/v5 v5.20300.20200/go.mod h1:kx8MBj9T7SFR8ZClWvKZPmmUxBaltkoXvnWlZZcSnYA=
github.com/gohugoio/hugo-mod-jslibs-dist/popperjs/v2 v2.21100.20000 h1:GZxx4Hc+yb0/t3/rau1j8XlAxLE4CyXns2fqQbyqWfs=
github.com/gohugoio/hugo-mod-jslibs-dist/popperjs/v2 v2.21100.20000/go.mod h1:mFberT6ZtcchrsDtfvJM7aAH2bDKLdOnruUHl0hlapI=
github.com/hbstack/back-to-top v0.1.2 h1:eQ05oJjjl6ByFMKjuSCYJDLl5i5DCRyUt7Z5EdsxzIU=
github.com/hbstack/back-to-top v0.1.2/go.mod h1:/Hc4gkEbdaNLSd5j7jjYsvjl39UBX0bTO5/g4ltNfR0=
github.com/hbstack/back-to-top v0.2.0 h1:oVGYYL34PL4OX2O725YmRL9kHjZuxBuyT33/ZG1Zze0=
github.com/hbstack/back-to-top v0.2.0/go.mod h1:lVnZhVZ8pabJJ/M27APUyayelJO5yr9jkwsVnxk1O4k=
github.com/hbstack/base v0.1.3 h1:h868EZ54SzQHdGO+3aeoninXkUhUSqWC4ZPkivC5THo=
github.com/hbstack/base v0.1.3/go.mod h1:tein3kLAihnlcXe+xAprntZNjCvA/hRDkrxmZHOyelI=
github.com/hbstack/base v0.2.0 h1:BtLH7i8uxUM5TMr1kaaVeJ/Yu/5FeZJ1MquxPFXgpNU=
github.com/hbstack/base v0.2.0/go.mod h1:f0mafnZoiQ3YYvRb82o605NEQVbQ3wzRYzhW4PZjrJ4=
github.com/hbstack/base v0.2.1 h1:u3lkO9MhjA6HomkJ6hzt0R7sA0u330bo6lbxVrF1FiI=
github.com/hbstack/base v0.2.1/go.mod h1:6SqazoH3UBSuwSHV1kyEDWcIJg+Cef++w8p45VSsSHQ=
github.com/hbstack/base v0.6.1/go.mod h1:rDOIrQy8GKXqam3dvHPQnrvwadQByiGcDY1Q35wBrT4=
github.com/hbstack/base v0.6.2 h1:ihsxMroTujvjVnKZwueujELNXGo9gsCQdrBrJ32zkuU=
github.com/hbstack/base v0.6.2/go.mod h1:eO3xP3CJ2Dwc38+FjVqZuzmvT8dYF2D2Dw4Sx4pi9Ng=
github.com/hbstack/bigger-picture v0.6.0 h1:Aj3UFYUpyHOEXFUUwA0aRdHCuBZzlAA7/Lk4VArTcY4=
github.com/hbstack/bigger-picture v0.6.0/go.mod h1:bgc11l8sJkXiugzyhYvnK/agdslguCOU7Np0qhe0K10=
github.com/hbstack/bigger-picture v0.9.2 h1:JTvg77xSkUBvz0TAX/eVDllFYAxpiCECxwX14H52kxc=
github.com/hbstack/bigger-picture v0.9.2/go.mod h1:CficQfdxEJx1U/5JOUOSgAqkH40XxdnSRcvLzsyHMl8=
github.com/hbstack/bigger-picture v0.10.1 h1:EgUYZgSGhl4KwKVqryf6ncB2QY4YYgOqTpDW6+5tq14=
github.com/hbstack/bigger-picture v0.10.1/go.mod h1:wZpRrOlTFrt2lO3tl9Y7cIAJbAJN1MdvRu0UsbCnkaE=
github.com/hbstack/blog v0.7.1 h1:nA/Co6EUdczeHK0fHSgXvipaP3miqeXkhZaOqNKK6do=
github.com/hbstack/blog v0.7.1/go.mod h1:HpZsR667F7vWvVoFnboVidzZC9J48pN3S25mHcp7sPo=
github.com/hbstack/blog v0.15.3 h1:qHMaRBe3uQ4xnCDoZQ+7uvEXFDO36WAjhIVSMhuZuIQ=
github.com/hbstack/blog v0.15.3/go.mod h1:wkpk4NRbmwB3A+tu0KZFQ5qkPDbF/Vgvxgiot2olM+0=
github.com/hbstack/blog v0.15.7 h1:B+uKSPfrJgBgXfqZNzCCV3OsCBOgdeeZ+DIuccLpnoc=
github.com/hbstack/blog v0.15.7/go.mod h1:l9CC8dn4Ld/OZTxLFq1Q2s+DMCnisgE6fUxXXT8Q5Ks=
github.com/hbstack/blog v0.35.3/go.mod h1:4yQsuqIiYIyQCLWxgaueK3lRCmAm30pVRdwGEdHE95I=
github.com/hbstack/blog v0.37.4 h1:JGPb40MVoc8f10yCs5ZrKwvlnXKsSNvDrJsB4UvQN3o=
github.com/hbstack/blog v0.37.4/go.mod h1:kPLAw+tLZGjcnaNevNjo86KS2zQNkblFLiG01qF2O1Q=
github.com/hbstack/blog/modules/breadcrumb v0.1.2 h1:GVkpwY17UKkfkeSn825HzK9ATKWqaZEws0JYMY93zPQ=
github.com/hbstack/blog/modules/breadcrumb v0.1.2/go.mod h1:dO1yAUWsIFGH3KnIcI3CgV/7/udTLUNjKeEsLPre5gs=
github.com/hbstack/blog/modules/breadcrumb v0.1.5 h1:7m41Fp/CWFkEdUWsnfHPszEO3oDs3BP/UZIy4YvezD8=
github.com/hbstack/blog/modules/breadcrumb v0.1.5/go.mod h1:1P3cxTG3s+Wi/Qf9jfpdw7Sa0zq0dCMCLKG4+fw7sNA=
github.com/hbstack/blog/modules/breadcrumb v0.1.12 h1:TbRHU+yJS8y0SjlzqhTMc3co9ALkAmaKq0e02EvB0mE=
github.com/hbstack/blog/modules/breadcrumb v0.1.12/go.mod h1:oaM9EWWpD0SOJBD0AO09JUTPdfJ26HHHPrRNboycGok=
github.com/hbstack/blog/modules/breadcrumb v0.1.19/go.mod h1:A006/NK+6qiL/2lQ42CA9rVw00St28G2tGCQOIFJSqA=
github.com/hbstack/blog/modules/breadcrumb v0.1.23 h1:MgUR88vv4cs/M1/cVBKUInFw3DcRw0W2AlmmcdhxewY=
github.com/hbstack/blog/modules/breadcrumb v0.1.23/go.mod h1:smQySqXDtUv2pP7bb+XBr+QGNFxhDGN0fLmQkOIWa5g=
github.com/hbstack/blog/modules/content-panel v0.1.0 h1:sL17HqyOMC4dtp5NP2LKC/5Sj2I+CTAdnyk7ou8mj4E=
github.com/hbstack/blog/modules/content-panel v0.1.0/go.mod h1:q2RDn6UEtcFHB041i7U0V6IiyK4qE7hYFGc/3Pt3wxM=
github.com/hbstack/blog/modules/content-panel v0.1.9 h1:ANK3doiDJVSh6p5tSSMlLFRmer0Bve+/RrNEjWHG06Y=
github.com/hbstack/blog/modules/content-panel v0.1.9/go.mod h1:a+4eKXG0Z0zE78GoKacTalo+J6POXCzrrPk7TT1ukPU=
github.com/hbstack/blog/modules/content-panel v0.1.12 h1:0iaf+bpw7QG2Y6alqEFVCIYSCbdY794rb/7SzTV0CUM=
github.com/hbstack/blog/modules/content-panel v0.1.12/go.mod h1:q+0yFyYokRpqTEPPt+4dNIagqezE/xf+IQknci7Kt9Q=
github.com/hbstack/blog/modules/content-panel v0.1.21 h1:g43IVjn3O6QCQSvCbgr9iYCgZcI5XG8YAiuVPb269Ok=
github.com/hbstack/blog/modules/content-panel v0.1.21/go.mod h1:fVnvVtnfo3R78jnGLgckfC43j7rYMMN+l1PhU9E6Jas=
github.com/hbstack/blog/modules/featured-image v0.1.2 h1:24BNh9vw2qzybqvp0ETIWjuvnJUyduTz9Me2YSA7mt0=
github.com/hbstack/blog/modules/featured-image v0.1.2/go.mod h1:JKpidw9qi7LsXusD1sEzUvte32xPJ2E2/YnYE5Mvm/o=
github.com/hbstack/blog/modules/featured-image v0.2.4 h1:RTETofLCou2Ul1DZoa2vB4Jlb3kSGf0Xx1T41Lr/nno=
github.com/hbstack/blog/modules/featured-image v0.2.4/go.mod h1:wGu2dGkqXaF73NfsrKlfu81NrRjbNLxK2YlH+8X4OvA=
github.com/hbstack/blog/modules/featured-image v0.2.11 h1:qFggN5jLNPV41AGgzI96OPaHhej04GHESjoLVwUESjY=
github.com/hbstack/blog/modules/featured-image v0.2.11/go.mod h1:RkMGNqp6WnzGfA/2V6R89AVEjsYcaq0FlF8KhsbbQ+0=
github.com/hbstack/blog/modules/featured-image v0.2.18/go.mod h1:7xorHxzuSnSO9N1T+sxTZhTr6Lt+V8h6mEmNasG1bmo=
github.com/hbstack/blog/modules/featured-image v0.2.21 h1:G4nwll995EsnEAJOBUKJMjH12HtJ0YFPL0nH8m7qneI=
github.com/hbstack/blog/modules/featured-image v0.2.21/go.mod h1:+gxtGAEh7aXDDKQA0wWzdi9HPLcqCSRtRp63F+NN8QU=
github.com/hbstack/blog/modules/giscus v0.1.2 h1:p3siL6hCR9eGeY6A20oaW5xLq/z4J+XN0+jXZYsmCDw=
github.com/hbstack/blog/modules/giscus v0.1.2/go.mod h1:kQFX6A2YrSApm9pYDUaepuClxAj2jGWNIXqnwtKaMSE=
github.com/hbstack/blog/modules/giscus v0.1.11 h1:8eycLBrCvBaHFxJWVM4w8G2aeQ/OUmW18xbmtlMnubk=
github.com/hbstack/blog/modules/giscus v0.1.11/go.mod h1:P9Ujw7WlGkYudDfARbsF/1Mapnzz4pj/ZdlES2gxqoQ=
github.com/hbstack/blog/modules/giscus v0.1.14 h1:8YyVpfppQoF956T47x9KRxWMqCWvBv+QgUxDX+EkSHI=
github.com/hbstack/blog/modules/giscus v0.1.14/go.mod h1:TfM3NJHKDdwjp9nSW5TUc9fOqRYdiDzcO15GG/EhZTA=
github.com/hbstack/blog/modules/giscus v0.1.24 h1:GeucCT1a8HizwqEW74yuLNEETrShbXXkrI3WKHawK20=
github.com/hbstack/blog/modules/giscus v0.1.24/go.mod h1:20QJYVmHFOMptQ6xBKU/tcGWGbJ8RsfKSo+inOPsB3U=
github.com/hbstack/blog/modules/heading-sign v0.1.1 h1:MYtmEdL2scb/5fI5agxc2R9CTT8ajEszeYnESDHqfi0=
github.com/hbstack/blog/modules/heading-sign v0.1.1/go.mod h1:9La4Igepf9+jhp2MLYpDEPqMvBcAdeigfZQKzDwH0u4=
github.com/hbstack/blog/modules/heading-sign v0.1.6 h1:rtph4XHlYdTmu6arv/bumN82tFo7dm3ikvR6UXcueug=
github.com/hbstack/blog/modules/heading-sign v0.1.6/go.mod h1:3/BxqgnDri+SRKjfMBRDDQOtKeA85USqivSJ1P58rjw=
github.com/hbstack/blog/modules/heading-sign v0.1.13 h1:3t6jBdakaWvrlX2PXTNBoV6PfanSM/gfdxaz1z48AFE=
github.com/hbstack/blog/modules/heading-sign v0.1.13/go.mod h1:R21UOgyJMpmvIZA1/VNPRZka5Fl9e5v1NoFdtt5Kamg=
github.com/hbstack/blog/modules/heading-sign v0.1.20/go.mod h1:P2daipU5Zl95PqHpFzAPq6/2hoG7V4GlaDtpHBBmtWU=
github.com/hbstack/blog/modules/heading-sign v0.1.23 h1:Z6QZvCKER/O3Y0eXQtRtkICEzYllFZW0m5fkT5OXrTE=
github.com/hbstack/blog/modules/heading-sign v0.1.23/go.mod h1:fBpZ5ifaLbAVClB/cXGQCD45wFc7bU/GBuNyTwTMjJ8=
github.com/hbstack/blog/modules/post-nav v0.2.0 h1:+hQSgrZHChUs/niOeroBKzzJ3If2FtICYB+AutWUf2s=
github.com/hbstack/blog/modules/post-nav v0.2.0/go.mod h1:v+e/Mra2ziX9W/Wx/0Wdc5yEq+uMTmb9rMOCmeO1a4g=
github.com/hbstack/blog/modules/post-nav v0.2.3 h1:VNMXYxcl1oLtf7cmhV2T6Fp27xbjB3pXcLPXa17Bz6c=
github.com/hbstack/blog/modules/post-nav v0.2.3/go.mod h1:m2qYY3o5WRgfBgt+aK62zSGOkegEE+25sBiZPqUbtqU=
github.com/hbstack/blog/modules/post-nav v0.2.10 h1:61SWwCRNyoe87Mh9JP9/JVpzTEinYDWFru4xXh2ifGY=
github.com/hbstack/blog/modules/post-nav v0.2.10/go.mod h1:0GS4LynQFq/zTfyo5PEbgCQNeLS0Simvu5jC8LptkuE=
github.com/hbstack/blog/modules/post-nav v0.3.1/go.mod h1:xR3YFqdXSbEyL6w31UC7EbfY9sY7Wcu56D2oDIxVxi8=
github.com/hbstack/blog/modules/post-nav v0.4.0 h1:oc90hYrFTQXXAgbi73xeaD+BxYjDwCvpCAxKJRDx4UE=
github.com/hbstack/blog/modules/post-nav v0.4.0/go.mod h1:tgP0PtW87TQPYz52S6rAjwusQcBheJLBC8US/bwxy0Q=
github.com/hbstack/blog/modules/related-posts v0.1.1 h1:jVD0DZIcLLCF0ngeej7O6fZsvlHKF2zQXlSP9EmU9HQ=
github.com/hbstack/blog/modules/related-posts v0.1.1/go.mod h1:kxIQpp6L4zXfOxkAFef1gcpskKZ502SRoc/JCDHelgQ=
github.com/hbstack/blog/modules/related-posts v0.1.5 h1:auWh1VHrMeD7W5RO8WKV75xWjTLkFKvG+24f6qnudjA=
github.com/hbstack/blog/modules/related-posts v0.1.5/go.mod h1:wnGXRSElkf17mx+CTVqabeVrSJhqqYENVgel8+3VA9Q=
github.com/hbstack/blog/modules/related-posts v0.1.12 h1:dGbOxmtZ0JGLYqdhUACHIZtx6LQ0dV9dhL6k5YLcWgQ=
github.com/hbstack/blog/modules/related-posts v0.1.12/go.mod h1:VrN7C5rOzjQ3rHbO68kavy/u3gB1FgaWsbFkPH0mG/A=
github.com/hbstack/blog/modules/related-posts v0.2.1/go.mod h1:AMUnUU8fmRqXvi+/iGcA7WNGlG5DQNBKRNOGjuqtM6w=
github.com/hbstack/blog/modules/related-posts v0.4.0 h1:FujQXAfdqixHGJibxkO3wSBhidElq/kM0XxfoSAJVus=
github.com/hbstack/blog/modules/related-posts v0.4.0/go.mod h1:h+O7tmtrhKImBt6/RS0GYDnOgDXCE632yyzlVVHTtN0=
github.com/hbstack/bootstrap v0.1.2 h1:poh7IOc3E7hiMaml/D8+RjOzLzse08oTPUyhfMn5o3M=
github.com/hbstack/bootstrap v0.1.2/go.mod h1:qItlWJ+9sxaiCdMQGXT+oxnsGfOxwDFnrcpgKUccSLQ=
github.com/hbstack/bootstrap v0.2.0 h1:pHZ1KQ0HHwhHFbgzZ401kMSxkS7Tg0I/X002SD6WHak=
github.com/hbstack/bootstrap v0.2.0/go.mod h1:BqrUe89qxDkc8kxJ4iaK/XZxzZrWhlGloOFJfcNxAUU=
github.com/hbstack/bootstrap v0.2.2 h1:Kiy+XEiyDvH9KVfuS7uWYTDoTLbiww0PWTheEXO/fdM=
github.com/hbstack/bootstrap v0.2.2/go.mod h1:2Qd2g72fKgje8fCMSaz8KlKIv60c6PAak59Zg2FJHs0=
github.com/hbstack/breadcrumb v0.7.4 h1:+AN+vB5yAIbaJVQlfa0M7bxREQa1SLxqqgKxPZPkMqk=
github.com/hbstack/breadcrumb v0.7.4/go.mod h1:PuwTpChVZHvvcEEEf7XmSNr4vwKEgVJxxSLKUuD5TUc=
github.com/hbstack/bs-tooltip v0.1.1 h1:3ne4fgVrn90TUPhU5r94AKqY2zD6ZmUFZGVW1wzZEv4=
github.com/hbstack/bs-tooltip v0.1.1/go.mod h1:CHhLg2OQq5CdRI1UCe52NbBUQb+pNkXFPdyj32gB/uk=
github.com/hbstack/carousel v0.1.13 h1:UZQyrJqfqu5ns2tjUwUI0MDpiIN9liEr/0qFvZyuGHI=
github.com/hbstack/carousel v0.1.13/go.mod h1:LYQ0nZwyBEOpHVbBCDbml3C7fx+MWxEEXKQjkixBJfA=
github.com/hbstack/carousel v0.2.2 h1:2WQINzBXMdTsvCA6GbMiRIyAOwZ00CCNybRjBgf43sc=
github.com/hbstack/carousel v0.2.2/go.mod h1:7ksA42jkP82YsGJqKOU9izqiZBLpIBDBuMY6+IAuTZI=
github.com/hbstack/carousel v0.2.3 h1:4jCjvd2+MDm9sAp3FOtPVa06JmnNLdfBRTxtkyrXl/M=
github.com/hbstack/carousel v0.2.3/go.mod h1:BUoUKVTPOSoE2iCJABFoCURetHa6OCw6r+gr5DBYavo=
github.com/hbstack/carousel v0.2.5/go.mod h1:37ffr9r5ilAS4b7KrplyCeOcTPmFd2PMygLo+VPe3oY=
github.com/hbstack/carousel v0.2.7 h1:CeAYTFjFfVd8NSU0/iWLwmRwAnZBuzWn+2Own1eKkp0=
github.com/hbstack/carousel v0.2.7/go.mod h1:jjsMHn99vOq5Vbu9WVyPOq9vm+0NBgWuGaNW6vjumZE=
github.com/hbstack/code-block-panel v0.1.0 h1:nD84TnRIYgCK03COeZsFTAluHx0WvF2cP2he7Da9cUk=
github.com/hbstack/code-block-panel v0.1.0/go.mod h1:q+IPDYgXNArqkrnUSV0UptW+QlPUSap1YbcQ699Qk+U=
github.com/hbstack/code-block-panel v0.1.1 h1:9fHjXmlU7x8nbWI3Qr9t5YnRDtaF9auqPWMpsUNMGuc=
github.com/hbstack/code-block-panel v0.1.1/go.mod h1:EJ9PgJrLnJ8DQ0SxU6DrdOesLF1h+YF1MCtMd0DodQg=
github.com/hbstack/code-block-panel v0.1.2 h1:7ZW54ZA7tBNr5oQSWrBrAvEyXfm0Usk9+Nsp7X7Xhko=
github.com/hbstack/code-block-panel v0.1.2/go.mod h1:VK2kn+hD3pr5HPz8izFAUyFG0lB/nXybe8ix5uc/LLs=
github.com/hbstack/content-panel v0.2.1 h1:gJrYTs3ZBoFtr8Nz3n0qBgYVw2p85ckHliMgSEy+Tw0=
github.com/hbstack/content-panel v0.2.1/go.mod h1:uziMPdakxW3G06PtvzB7peAI4h4ALWHP3xSbyHFWx+k=
github.com/hbstack/content-panel v0.2.2 h1:gQLxbG2VQp9AIog6EPm5Ik8dJvAu5hT7PmOX0pXeWu8=
github.com/hbstack/content-panel v0.2.2/go.mod h1:3ULgfai6RGTGpd7+pS+eeZSZr2qKgofonncXSEIpz8M=
github.com/hbstack/content-panel v0.3.0/go.mod h1:btJhaVMoOh9mSAqM4sFfjsCCJB/D253cnR//Y7Lx5xI=
github.com/hbstack/content-panel v0.10.1 h1:DB0sg3nNWD4oy7RMCxe3xXYjAzhy3G58r6QlM324bEA=
github.com/hbstack/content-panel v0.10.1/go.mod h1:lEyMXJYCNHL6fkT260oX2FnXF6gD5Vd3EytifVuz3iQ=
github.com/hbstack/docs v0.6.2 h1:QoiUIn5KLgM04Lg4u/OcuXOwwizU3bQFvpViVC1wtn4=
github.com/hbstack/docs v0.6.2/go.mod h1:6KRCHZf9ga3qGai15W1TVeFHjiUnL0Sx6AqwCBx9DH0=
github.com/hbstack/docs v0.6.3 h1:dq7gvD0lEETTSL88kdCGrRZ62Lx2MeRsPHxBKyKLGX8=
github.com/hbstack/docs v0.19.0 h1:cnIbIpLtfWIEfCov6KyJzKG0SnCXOYuTThHlfLRRfow=
github.com/hbstack/docs v0.19.0/go.mod h1:C58ZH20u3yjzwcZL4emE+HIYrudHPAd94/c/xZdqp1w=
github.com/hbstack/docs/modules/breadcrumb v0.1.2 h1:f2BxzQWg1sQnGb///SVuiW68wDeQM+XkV/f5ppIZrgw=
github.com/hbstack/docs/modules/breadcrumb v0.1.2/go.mod h1:tD2ukJTqwxngo6vp6x/DHbJvjvc5CIUPn6bKoFx1yQU=
github.com/hbstack/docs/modules/breadcrumb v0.1.3 h1:AByUO76E70focCJ1ImiBECWdWXZ7V66OHj2qOdjVDRk=
github.com/hbstack/docs/modules/breadcrumb v0.1.3/go.mod h1:7nIWgf4vBaWuKWIG5zzDxzNNfLdF4lU5z70YSVDpNvA=
github.com/hbstack/docs/modules/breadcrumb v0.1.5 h1:ZNTWJKV0bEgXFPpWMcw+CcIZunDFD/QF4Hmc9azcy1o=
github.com/hbstack/docs/modules/breadcrumb v0.1.5/go.mod h1:71G0JBETeacoQpATdia/pfs/u8VvqLAvzdqjabDra6I=
github.com/hbstack/docs/modules/breadcrumb v0.1.6/go.mod h1:a+K5/jvdYPlSgragg2Og3qn1To/gwSR+vYxHKYFUJS8=
github.com/hbstack/docs/modules/breadcrumb v0.1.10 h1:Ryp68WkRdOxL2UlGNYtN5ZJUxbbHv7bWe0NdzDt2Obg=
github.com/hbstack/docs/modules/breadcrumb v0.1.10/go.mod h1:pTh43gl04dPERZZVDQ70KVU0j0Z4hmPK7GrxUfLw15s=
github.com/hbstack/docs/modules/content-panel v0.1.0 h1:qRiBmIp64Md0b9nKZDmwotru9aL+tN6s39C4ezPKJVw=
github.com/hbstack/docs/modules/content-panel v0.1.0/go.mod h1:aix+v3Xb+LlOvgb5OfgAuxAmFkbH18XM9CUmP9G4QPs=
github.com/hbstack/docs/modules/content-panel v0.1.3 h1:Bg1Kud4CRhcy0l1vP5/9ZpsqhggkHFNjwfxOWe4Tydg=
github.com/hbstack/docs/modules/content-panel v0.1.3/go.mod h1:M5Jlig1rrnwnDjlHfDJz4yTSOIRD5S41pN3ItMbyCJI=
github.com/hbstack/docs/modules/content-panel v0.1.5 h1:CZ3IlF68c9rMV1cRGli5s/SXzE9+7g2AW0msQFcKhkc=
github.com/hbstack/docs/modules/content-panel v0.1.5/go.mod h1:1cqME+WPPJVc3zBAi1W7aomml5n1baymuBWLMEVm+Gw=
github.com/hbstack/docs/modules/content-panel v0.1.8 h1:jdvI05iKD3awcCFx9UoGNh7DfNK60jWLJjVAspqEH+o=
github.com/hbstack/docs/modules/content-panel v0.1.8/go.mod h1:hlcrr8ZLfC+hOuzgCZh3YIlmwzKOiUvbb2oP20PBO8k=
github.com/hbstack/docs/modules/doc-nav v0.2.0 h1:hESr53m5g2XMmPBsNsXNjFK+rJhNoAB8EEZqftUP5jg=
github.com/hbstack/docs/modules/doc-nav v0.2.0/go.mod h1:uyph1WCLopnPnsiJ9hp+IgdS83a+21frkDy5N+qoAzs=
github.com/hbstack/docs/modules/doc-nav v0.2.2 h1:UVzbp/uOjf+XMgbRMxoJIInrGZtDrEjeNgc8SbO1Arc=
github.com/hbstack/docs/modules/doc-nav v0.2.2/go.mod h1:wyIyDH4lRVOpxOL/U8vwpsvCuUqJhFE4GZ5Ic31KyU0=
github.com/hbstack/docs/modules/doc-nav v0.2.4 h1:6ySKIGqyIHd4LHGex9bb/d/I6F9s4+O0TUjU/TzOQg4=
github.com/hbstack/docs/modules/doc-nav v0.2.4/go.mod h1:JFSXt7n4tgwNYLrE7afBfFWqIFg8vJ+Ynrno964uHas=
github.com/hbstack/docs/modules/doc-nav v0.2.5/go.mod h1:pBJKJb0X6zhWKcCJcyG13yrd3HumoDptQATFP4teW9o=
github.com/hbstack/docs/modules/doc-nav v0.3.7 h1:K0U0EAsYYsnOV4AGYMbbkMEJe2HrBSmuWipbpBg4V4A=
github.com/hbstack/docs/modules/doc-nav v0.3.7/go.mod h1:EoYAPHmhHmM7hDgDvIJIRNRiy6G+n/Eeto6HUgsw5ww=
github.com/hbstack/docs/modules/featured-image v0.1.2 h1:3Ni4hw7q4v8T/658f5RCV/xCNlZuRV+QgyE5nzAEpdQ=
github.com/hbstack/docs/modules/featured-image v0.1.2/go.mod h1:mNB62QK0DmJh0o12mqbsXZbjLm7/Ex/cyJXegZW8rPk=
github.com/hbstack/docs/modules/featured-image v0.2.2 h1:ES1XoN6MdJtzFyPFCJo9AoUDNNcWGYJpCEDeVtPDeL8=
github.com/hbstack/docs/modules/featured-image v0.2.2/go.mod h1:npR6D4Bbu2RiVDGkJFQC6qpM30vSqIIbGXxP+/ueEIo=
github.com/hbstack/docs/modules/featured-image v0.2.4 h1:Elh/FMMXdkJ5JeWPinI0Tjz0l/oJWqEB7uRjqYPcP+E=
github.com/hbstack/docs/modules/featured-image v0.2.4/go.mod h1:PPBq89wTysWnCZGuN8AgLqKj6+niaqkloNoAhOZAD9M=
github.com/hbstack/docs/modules/featured-image v0.2.5/go.mod h1:xO6X2rM/zCEFbpfejHCUzbNeqfbuyYCxcycngt+V+kA=
github.com/hbstack/docs/modules/featured-image v0.2.8 h1:5sYRhNxVa/EYGCsgS5SKiZMIAdhZQJxam4CEyTFWL8Q=
github.com/hbstack/docs/modules/featured-image v0.2.8/go.mod h1:zg3OOJK2GXuggE0w/Ov2M0FDzyCHs8BRoWiD7Nz5o58=
github.com/hbstack/docs/modules/giscus v0.1.2 h1:9AkjbOBJmdfBz5/yP7mDD/7OMUzjLJfCilAw3HOnDcU=
github.com/hbstack/docs/modules/giscus v0.1.2/go.mod h1:sQ786lQxU5woV3LZ6JGqMSl77X5bk2rCwV1pH/LBlLE=
github.com/hbstack/docs/modules/giscus v0.1.5 h1:v4YEv/0aPUPFZU9QVhplP/bYAhSkjABfUrYhiqGAw9w=
github.com/hbstack/docs/modules/giscus v0.1.5/go.mod h1:OEWWifHO3BTYxg14jFcY8WPG7KpdWg+bjoDeN7ozku0=
github.com/hbstack/docs/modules/giscus v0.1.7 h1:SW6AMAVDdDh/RiZdaKbCKUvjfq1n6ugWlKjRo+SySV0=
github.com/hbstack/docs/modules/giscus v0.1.7/go.mod h1:97ZeoBJr54chr6u70HUDtkiVBDGwYl9lZAC9lmbpjhY=
github.com/hbstack/docs/modules/giscus v0.1.11 h1:AgfBQAQW6/cjVyRXWE4aruLGY66oQj4UFcEtux6HyU4=
github.com/hbstack/docs/modules/giscus v0.1.11/go.mod h1:Vycwif1BgqhN5qZp9kg8ZtKOdsr8tXOCzHlrKiHNR8g=
github.com/hbstack/docs/modules/heading-sign v0.1.1 h1:3KheyC1ZbAqvJofX+eJ9vYj4rDJOEUUKuqw7iNzChPI=
github.com/hbstack/docs/modules/heading-sign v0.1.1/go.mod h1:wgRW6JQTBJQXsq0YWg9+GYTptivcWfwjf9txK5WSkqc=
github.com/hbstack/docs/modules/heading-sign v0.1.3 h1:IBUTQA0at5jC2BZ7Oba6soq+kKuG96LTDF1+yn82oxI=
github.com/hbstack/docs/modules/heading-sign v0.1.3/go.mod h1:NSNFqQW8ERXp2R24Lu7PWSaTYmOQgSHE9qAxlsEq4s4=
github.com/hbstack/docs/modules/heading-sign v0.1.5 h1:d1hgQEAMSUyoqKUUSQiRNRBkwlnV87U2tRxYL23VGzo=
github.com/hbstack/docs/modules/heading-sign v0.1.5/go.mod h1:OBBwUztXZ8xhOtBoipEBvt7D73NQ5Ic0piL2eU89qag=
github.com/hbstack/docs/modules/heading-sign v0.1.6/go.mod h1:uDDtKAQi/XHH6pPCsbpPFMI7Ba3ZGjFYpSewxfwPJYk=
github.com/hbstack/docs/modules/heading-sign v0.1.9 h1:gwqg3R5YGwqCHFXrnV1ligZ2wFHbOj9chFS6bmqh2f8=
github.com/hbstack/docs/modules/heading-sign v0.1.9/go.mod h1:64D1dr+tmjfQh0F1PtYa+cs9PiZttR6LCoXaiBXD4bI=
github.com/hbstack/featured-image v0.2.1 h1:sRIzjV6YPVG7Ah0Hxjiuxd9bQnEV+62McOgXZjGNV7g=
github.com/hbstack/featured-image v0.2.1/go.mod h1:hux3nYqQUVnQHPttJxVrvwfTsULGuVGRGFk3lO2Si54=
github.com/hbstack/footer v0.1.5 h1:q3XRNmX8DCxAQytf9dkyVipsxKse914wc5ZlWgb5VU4=
github.com/hbstack/footer v0.1.5/go.mod h1:/5XwQ9xyCE0LpngSnGUiz8YGGAQKe6OIlwATPETCXgc=
github.com/hbstack/footer v0.2.1 h1:GZbSRcGNMeKAiDLeai0cPaEnztkDBraTNQqe2uap944=
github.com/hbstack/footer v0.2.1/go.mod h1:ldb4b95D/7NVWQWFTIngasypCA+QQQRj1I+1BEyOi/c=
github.com/hbstack/footer v0.2.3 h1:eO3RYWFVKjZCfv1b7CTPwWiWGiPJYB5GzpSitFVLif0=
github.com/hbstack/footer v0.2.3/go.mod h1:83AHk2CsJmFjLu6Tz1z/indPsWFU3WGVb3EI/IX2g1k=
github.com/hbstack/footer v0.4.1 h1:dGEIcqCM6K/s9bygnFQlPcVMJn+BblAjaESied8H7ug=
github.com/hbstack/footer v0.4.1/go.mod h1:EvignAN0ShrWDbPAlf9+lrRfJSha9G4wYPDUed4wPzg=
github.com/hbstack/footer/modules/socials v0.1.2 h1:2/sxul4bcmIydYDTu62Ja2zxuXNvJrOnbSNZKes0eFQ=
github.com/hbstack/footer/modules/socials v0.1.2/go.mod h1:CMWFFKQqoCGji8IPWZGt9zezRecvubfWVC4Y97DVsQM=
github.com/hbstack/footer/modules/socials v0.2.0 h1:XuwETIZWBUGpt6z84lL/BWDF2VtswNto4K6f1/iCFwk=
github.com/hbstack/footer/modules/socials v0.2.0/go.mod h1:v3fTaaKwjSjyX+XwpaK6Mey3pYLWTxhHXlvs2C3wztQ=
github.com/hbstack/footer/modules/socials v0.2.2 h1:9aEg0LXDpvHXcpCBSssM5XLjDPW/Skz7xabz2ybEbMA=
github.com/hbstack/footer/modules/socials v0.2.2/go.mod h1:sDb2P7iE/bVOwsPBICE0g7PSt8jzHvpTMSq5yzy4Odw=
github.com/hbstack/footer/modules/socials v0.2.4/go.mod h1:pdjL1xFGtz9Tob7b8LtOtKWvY+krtH2zv0xF6v8JS1E=
github.com/hbstack/footer/modules/socials v0.3.0 h1:m8d8o9j+3BQUfxpONEaGP4tL8WSgnrA50bM4ux6twg8=
github.com/hbstack/footer/modules/socials v0.3.0/go.mod h1:clVl77mC1//pSZuHEr8aHqDk8Ylggk+I+XOQoBiim8w=
github.com/hbstack/gallery v0.4.0 h1:6sOsbefirsXJWmdkEsDEUCnR6KtohetcBnxezfcvP+o=
github.com/hbstack/gallery v0.4.0/go.mod h1:h+ylv+vXV2UZ/IP9tzxI8xweyIQMr/MAAkaFL/z0oPo=
github.com/hbstack/gallery v0.5.0 h1:pU/JOG3lTUz0KYM/AGyLSigeIIAZrtzGHdR6DVn9Mvo=
github.com/hbstack/gallery v0.5.0/go.mod h1:QbWQt6m6D0gnOm1LyvaZQzXU2EVsZgnh+y8z6nMsL/k=
github.com/hbstack/gallery v0.13.1 h1:4raqbENd7EjTM7ump0EItIAkYQQFhnUwQ35e7wgh+40=
github.com/hbstack/gallery v0.13.1/go.mod h1:SlO4eo4aoLjjTfrqEnTEr6ocabHrqZjclWDCI1bUY+o=
github.com/hbstack/gallery/modules/breadcrumb v0.1.0 h1:zenzwq4EiE2PIB2gx8QU4I2Zx9KAK901EWpgLGu5XqA=
github.com/hbstack/gallery/modules/breadcrumb v0.1.0/go.mod h1:7E1zwN0GC59OsXAUEALUiYWJhQw5hGPnpHfRHQDS/5Q=
github.com/hbstack/gallery/modules/breadcrumb v0.1.1 h1:hPP+FuHcBo2nieDA3eY/f7714JBe/egECb6TRnmPHTo=
github.com/hbstack/gallery/modules/breadcrumb v0.1.1/go.mod h1:LdbDrxkgYlIOn/x9HFrde+mpIagFayRuLjIDXL1zCHw=
github.com/hbstack/giscus v0.1.1 h1:jKbA17XjAcbD59QIDUVoFOdbi9P2WzQMtOcIpG/Znuo=
github.com/hbstack/giscus v0.1.1/go.mod h1:XElW8oNLnS0dRVFzoo9Gq8xknvz3D2PuTHC7yw9h3EE=
github.com/hbstack/hb v0.1.4 h1:ii6ZusrJ3TLexULedgPIQI60MeHsYL9Izrcaf5THVMg=
github.com/hbstack/hb v0.1.4/go.mod h1:MRDu9z0Iq6B3xTCS8QQ5zX0hzGKDQYMxNXm+GLXinqU=
github.com/hbstack/hb v0.5.0 h1:5KopgFbczqA1PKcWS1X8YWMjMq698MlasTF8FxH5E4U=
github.com/hbstack/hb v0.5.0/go.mod h1:37E1uTMQx1Hix+VdwlWkW74fi3ct5+KlCCBywv9l3Ac=
github.com/hbstack/hb v0.5.2 h1:0FzZ0k7AyOtUnAUH4lbS9DEft1uYJpqfd4XClTIjp6w=
github.com/hbstack/hb v0.5.2/go.mod h1:S/08mx1tK6yxjQIkSqvpqG8HrBzMBDJq1WC5QjXW9p0=
github.com/hbstack/hb v0.7.1 h1:bnlE/KrhOKADI5aydZG822kT1o9QR8I8TdOWugqaMJE=
github.com/hbstack/hb v0.7.1/go.mod h1:S/08mx1tK6yxjQIkSqvpqG8HrBzMBDJq1WC5QjXW9p0=
github.com/hbstack/hb v0.12.2/go.mod h1:gwKZN1bsmMuSjEkI/l/9zJCG0Xz96h0r7Cv/WOjjNjc=
github.com/hbstack/hb v0.15.3 h1:Q7XKGYLJobkRYKiMd4tLmmBQDaIBX7n3f8QlwAohKvA=
github.com/hbstack/hb v0.15.3/go.mod h1:FJilVCHtkVpfXZT+Ii2OFCVeu9wQh/YGgRMuPKX5ycA=
github.com/hbstack/header v0.1.10 h1:Y85up1uoe0BdJnn5rk7tkD3U98ofAs9Och3J/fWgd2w=
github.com/hbstack/header v0.1.10/go.mod h1:GTEtmH6u2C2gaJoadFE41yBqo1vH6r9Zu5AJYXx4U48=
github.com/hbstack/header v0.4.4 h1:VN1GFFcl3YQv6++jgm75eaGmQDwntBxeUYsjKlJmR38=
github.com/hbstack/header v0.4.4/go.mod h1:BMdysr68KL0Qmo0mufE2AepsO5YXSbBkjmIrwydhpng=
github.com/hbstack/header v0.9.0 h1:lhFJYaaOSuuQ7/vavg9pULZ/po2JcoZrAiISh9Iqw70=
github.com/hbstack/header v0.9.0/go.mod h1:ihpMPmzro0155ZHtd3t95C1R5NN61JUZ/0Hng3GpiGo=
github.com/hbstack/header v0.14.5/go.mod h1:W7eolpYJctsTD8GVFEj09Ogbqqy8OAqcxBEbW3ZTYIg=
github.com/hbstack/header v0.15.0 h1:HEeag8NJHgA3mBh2ryjc+7wcZYHxJmoZoVdvk5mmBAU=
github.com/hbstack/header v0.15.0/go.mod h1:L/d+aYCUxWqzvdGzsVUI8hWJNESs1qw4emI4Gobvda4=
github.com/hbstack/header/modules/language-picker v0.1.2 h1:K7II5rqbEA69/ZZM+EtCN5pFR6QHTUP60czWjZMyS/0=
github.com/hbstack/header/modules/language-picker v0.1.2/go.mod h1:VW86iVj/CcopYTIrD0iRF+LBoUBPsYOwo580vIoqqrs=
github.com/hbstack/header/modules/language-picker v0.1.14 h1:TqbubJw1QZksJ/q/jqcHcRhY3PLDDmoYnY+3bCowjsE=
github.com/hbstack/header/modules/language-picker v0.1.14/go.mod h1:rHukdXlCDa5duCRq74+gMSdYlx7iyTMYwq3gdYrDGRA=
github.com/hbstack/header/modules/language-picker v0.1.20/go.mod h1:aNct66xWjiQoxjNiUIGDA0gwvjPyyRQ5Qdww+BCPMuw=
github.com/hbstack/header/modules/language-picker v0.1.26 h1:iu/PtI6ckZt/6o7ekzcpFZYZEwRsNM/rxRuqRrAr0m0=
github.com/hbstack/header/modules/language-picker v0.1.26/go.mod h1:/U3czl4OdnIVkThN1hb1r0HCElgeCr4rZx0Rl/TCGME=
github.com/hbstack/header/modules/search v0.1.5 h1:2I4c/j3rTyonQpBKbmXsH/7dNKFRL1R10axv97wBPqA=
github.com/hbstack/header/modules/search v0.1.5/go.mod h1:r9oPm5YZpe6XPkOpIcukZZy16PWZfM94l39W/RpyQKo=
github.com/hbstack/header/modules/search v0.1.10 h1:fvaTovaf1Cx7XF42b+bv1dTGaDpLsP/EACQmz2TZILc=
github.com/hbstack/header/modules/search v0.1.10/go.mod h1:eeSZZJKlq9M5xzXidY1TAKFISPSvVgWowCTMoY/Cj/s=
github.com/hbstack/header/modules/search v0.1.24 h1:x+OB31TpsgqMA1ASvelY8M6VokJv8S1zPGJcLeal6t8=
github.com/hbstack/header/modules/search v0.1.24/go.mod h1:Y4TtJmovCaGm7lEnB/Gw0CARgqACo/vjKFRFqfvCTJM=
github.com/hbstack/header/modules/search v0.1.30/go.mod h1:DRhdnl4uzi6pjWmv0UMMUOlotLtUgFlWbGWZ2xXm4Js=
github.com/hbstack/header/modules/search v0.1.37 h1:V8mNq94Edah7uuWbzUJ45joo++X5yMs8NrUAUQODOtc=
github.com/hbstack/header/modules/search v0.1.37/go.mod h1:6B9LOCIzdWw4AE6N2xzQ0mwHHuU1z3DPZly6uyVrVAc=
github.com/hbstack/header/modules/socials v0.1.1 h1:I40kDx7sa7BmjBjeCesz3AHDG5UULTOUfFEhOy+92So=
github.com/hbstack/header/modules/socials v0.1.1/go.mod h1:FggNPqINvsrFALKr9N7kAeiBSOOBBWlKC3sV+5R0vbU=
github.com/hbstack/header/modules/socials v0.1.2 h1:l+uWiovYLc41efDFf0nMUegAiJa9JstUW2dnEYpMRbw=
github.com/hbstack/header/modules/socials v0.1.2/go.mod h1:upxii7TEX8dphHopQUJGk5KvAgfjGhccZUOhrVecAjg=
github.com/hbstack/header/modules/socials v0.1.18 h1:f+JYlOJUMP9/JpZ4yOYaKC82rpYkjS34FR96J+AZYOg=
github.com/hbstack/header/modules/socials v0.1.18/go.mod h1:PNRThsNsYmjPBpPj8/BIW+U1fTUh8NETlbmPePz8ioQ=
github.com/hbstack/header/modules/socials v0.1.26/go.mod h1:ppyvjpy6wg/WxgDWSHXATx51/ykpTgLpXAq3BhMqT7A=
github.com/hbstack/header/modules/socials v0.2.2 h1:HZzeJg3Ncf0vv2QipccYYhSADVTG4Aqt1rYLml23u40=
github.com/hbstack/header/modules/socials v0.2.2/go.mod h1:oy5kARWoEresORePUcmtFax0wTgCA4U7jsxExltgHC0=
github.com/hbstack/header/modules/theme-toggle v0.1.2 h1:TFQq4p6+GQEpUA4FJr9occbihLA9i0rGxxvmdOVx5ao=
github.com/hbstack/header/modules/theme-toggle v0.1.2/go.mod h1:5dtE0u/QGl3DAqz+900KPfY6glyH8OEpKIy8Q7X9sa4=
github.com/hbstack/header/modules/theme-toggle v0.1.14 h1:iC7ZRbNo72qn1Vudnu5DAn2pr0gONrTunrrMbG2lPok=
github.com/hbstack/header/modules/theme-toggle v0.1.14/go.mod h1:7W99Yalps+pF9HviB0UB+M7bjX/Xd+LA17O0JqKceUs=
github.com/hbstack/header/modules/theme-toggle v0.1.20/go.mod h1:JBLtu7vWYBtTE7GTiI7vR5BpdSbW4V025h6lEDNaSik=
github.com/hbstack/header/modules/theme-toggle v0.5.2 h1:i04Ti4LdVFXXn9Qh7V341NNYmjvBpFwlXKfSc3Hv1Z8=
github.com/hbstack/header/modules/theme-toggle v0.5.2/go.mod h1:5WCCiPjN34SYO4CjhMlGgxv2N3r4NnjFLN/8PgiAeEc=
github.com/hbstack/heading-sign v0.2.0 h1:yXKZQEjPn/+jKyQxCJh34X+wXbiG4Bnr1VVF6lgMhi8=
github.com/hbstack/heading-sign v0.2.0/go.mod h1:SXJWIr9C/7phTOXfWMzNSVZCeimKbYualuwIOHDeOu0=
github.com/hbstack/mermaid v0.1.0 h1:T/3Az7xujbFmbC4r1tZGKTwt6GOcz/72yc2N9oFNU2I=
github.com/hbstack/mermaid v0.1.0/go.mod h1:dQAfzX1SA4b3k5ytA8WPR5luxjX4ii7EdtoRsr8WLNw=
github.com/hbstack/mermaid v0.2.2 h1:TtGzO04if+jgnLXdFDiI2opnzvcTDJqoaQAQvNgG0xs=
github.com/hbstack/mermaid v0.2.2/go.mod h1:gVO/itIHv07hiGqzmUtLw78vkcTU8RMnOl72GVSUUrA=
github.com/hbstack/meta/blog v0.1.0 h1:HUOwI4nOjBxhf1S5OqP65j73U6DhfbpxbfuUADhgdaM=
github.com/hbstack/meta/blog v0.1.0/go.mod h1:EHTCLJNTWIO7Ggy/GS5bo+QUFFxG37bkMIJ570DrSTM=
github.com/hbstack/meta/blog v0.2.3 h1:E5wF1o1sKuaAYCp09WXRdpcyyvcYr1F31VLSMgY8sOc=
github.com/hbstack/meta/blog v0.2.3/go.mod h1:zaYYLTM3hSXeT/M88W89i1HBDkJLTH3cAFALA1DAV80=
github.com/hbstack/meta/content v0.2.0 h1:EUruckxkrHcOoI7Uo7oauvBq89wNoPMq9QZu1Ez3GME=
github.com/hbstack/meta/content v0.2.0/go.mod h1:RExOY1AKdiMVJzJYMUKeWCJP7cDkdkRw+Z3fpoU8HIs=
github.com/hbstack/meta/content v0.4.3 h1:jFgHm24KnY6s8S2q8FNhW0Qt1F2JsXWQFsLhj9KBExU=
github.com/hbstack/meta/content v0.4.3/go.mod h1:tVPxlwydmqhT6dIhjvLB0E1/8ES2F62OWO1O6F4SAis=
github.com/hbstack/meta/docs v0.1.0 h1:oNUoH1Jj1wgnaV+DqcM1u75AdBrhpSs4xyo0hv2l4eo=
github.com/hbstack/meta/docs v0.1.0/go.mod h1:5DeZa6rrC35u7/oLiqJ/0XyA6jWEJiGgPAMWbKF66I4=
github.com/hbstack/meta/docs v0.2.3 h1:QlrhrbhTGTgmscGwxy3SsaZylJf54J39F3jGENOhc5A=
github.com/hbstack/meta/docs v0.2.3/go.mod h1:yO6MB5KQyK2qpj1RoCAyZVQcuEsjeoGmnD2/mDGx0gE=
github.com/hbstack/meta/footer v0.1.0 h1:+FFpXD1rV7psayOppKPy1K34A/xFUz+wGmpbuK+5MQE=
github.com/hbstack/meta/footer v0.1.0/go.mod h1:OTgtFpqTv4+8M4WBxR0Q+eUjUJRM3lpapM3V4hkTVGE=
github.com/hbstack/meta/footer v0.2.2 h1:5WepfmsLcXVsEouCGQh5dO4m//pfulMlItKonJ2qJSI=
github.com/hbstack/meta/footer v0.2.2/go.mod h1:QdvTIKj+8dZw9p/gaPis2GyQsubggmRWEEzN4HWB2zY=
github.com/hbstack/meta/header v0.1.0 h1:+abJi934Iq4INS43g1ZSAQawObulRmDaL7p8CPq+n0I=
github.com/hbstack/meta/header v0.1.0/go.mod h1:LxeLIEGtkkKX8NiOBcUG9GDOl2e0he+scJ9gZ7i/jWQ=
github.com/hbstack/meta/header v0.2.2 h1:htiicmWgDInZc3PeDfhfqcgjCu1se7omv9MYOTtpWig=
github.com/hbstack/meta/header v0.2.2/go.mod h1:kYYHd5izwemd1K4v6gFABkdJWiHtX24ZT6BJnPV3Woo=
github.com/hbstack/meta/recommended v0.1.0 h1:bYk3oSaybZZ9X/mXIyJtJdk3cgT1xJ+iYidjaUNrbTs=
github.com/hbstack/meta/recommended v0.1.0/go.mod h1:VuiKvTQ/MDjwk7Cmp3jvRdcvYLHj1szuUVLyiE38k8A=
github.com/hbstack/meta/recommended v0.2.3 h1:Rt4diCSvt45ypUZ/9rrAQCfFz7W3IAeTaIAjKm8/9W4=
github.com/hbstack/meta/recommended v0.2.3/go.mod h1:BMrAvoaRXym/gMl6f9ervMdQxairONEqXA6F+WvvX6o=
github.com/hbstack/meta/recommended v0.2.8 h1:7B568/MmyuLoqlT5QYnUR2AHN/GDfjBITh2T4Fq3Bzk=
github.com/hbstack/meta/recommended v0.2.8/go.mod h1:0AryzThnQpmoqZ4F2B14moR3AyawyLGOjL7vR+UnVKI=
github.com/hbstack/meta/recommended v0.2.10 h1:RzRe2LT/lJxlsfGv5UzYC3onl7lp1VWbCm1jAb69kSw=
github.com/hbstack/meta/recommended v0.2.10/go.mod h1:OdGN+zqdgFbet5A6XrfjaTNUTd5L91rOUNRJxgq38fo=
github.com/hbstack/meta/seo v0.1.0 h1:Lrz3r0f6vzvB6iSV20bWN0t3UgURCe9VjwyVJmwdbjQ=
github.com/hbstack/meta/seo v0.1.0/go.mod h1:+r3dTUVm74qK/GcvZJz3MyjnKdvffzOKwec971yww0o=
github.com/hbstack/meta/seo v0.2.0 h1:0xemjrVWwLmYjzKCAmo/6vxWEHACXimjT7vlFYXgmCM=
github.com/hbstack/meta/seo v0.2.0/go.mod h1:41BjjCbTMPJCmrepy5wXjwkV2QQxLyM8Q2kUrJpH/sM=
github.com/hbstack/meta/standard v0.1.0 h1:gBCnFhAwHnPCYzHqPaO9eiR303kBcjneG80+toheW1c=
github.com/hbstack/meta/standard v0.1.0/go.mod h1:OUHwSWGcNXzycqLpHM887ZIfrhaMkr4YNIplfCAI9Q8=
github.com/hbstack/meta/standard v0.2.2 h1:hWEKN8+wuMDXaeF3OW4FtSWblkjO5KNLLrgsKEU6qYQ=
github.com/hbstack/meta/standard v0.2.2/go.mod h1:dssoTSoKpbymg+DWCpBLU5QuLl4vDiXGzoFBomC5UuU=
github.com/hbstack/noscript v0.1.0 h1:46Cz17U6X3gAi3dWvMUCOa2fjROEalx1TJjmsGbsEw8=
github.com/hbstack/noscript v0.1.0/go.mod h1:uo4YROmLdBQrT9ZgH7jsPW5Bt6pj1+cMGdQFCs5Ms1s=
github.com/hbstack/noscript v0.2.0 h1:yAWYGD1stUicaKATrA9BnhQNjRZWgiFgP8Y7C44AqG0=
github.com/hbstack/noscript v0.2.0/go.mod h1:Lxh6eXJijehQw92g4g+2+fVEQgVqRJXi5xGri/y+Eyo=
github.com/hbstack/noscript v0.7.0 h1:PxHaeCInP9SFofMOS+QUmAxujwP+Nh2D1kO5C0IlZIE=
github.com/hbstack/noscript v0.7.0/go.mod h1:F0qU9/caEaqa45OfHiL+8nTCohs2rg97Hek2KQUzK8M=
github.com/hbstack/pagination v0.8.0 h1:xnrLD6c7HalpQFQKN9pcQi1M8H0o8b3yrjbjBFs/03o=
github.com/hbstack/pagination v0.8.0/go.mod h1:XaYSS/iReEFQo+fbVAx2YfjP4muWEraVNGeaTcVA35o=
github.com/hbstack/progress-bar v0.1.0 h1:2ZiGS3RFZbZYBUbT2nFCoU9SJsbD9jtV4A7ab41B4jg=
github.com/hbstack/progress-bar v0.1.0/go.mod h1:JZt160XK62FxThzt+RmokjOww3De8ZL0ITcxMJLVE7g=
github.com/hbstack/progress-bar v0.1.1 h1:lDnWvTMzPfzJedmUBkPmD+PHzioSMDR7rDBIIuK8D0M=
github.com/hbstack/progress-bar v0.1.1/go.mod h1:FIGc4o/OJjz79uyjOenyjKfinWu2r7oUzI+XRSRMaOM=
github.com/hbstack/pwa v0.1.2 h1:zJhLf5Uf+jO9aCBKvFcASlw7sULK2i0qUJZxscBo0HM=
github.com/hbstack/pwa v0.1.2/go.mod h1:8x01rczLrSw1aCWD+yrn6v5FRQPtaEh/PYCtFDICEWo=
github.com/hbstack/scrollbar v0.1.0 h1:uQMNbkWbLxnjQMiD3zdt33RG48sY2a0XWyGQkK2HsyY=
github.com/hbstack/scrollbar v0.1.0/go.mod h1:BEDha5gOjQfXBKZfwT+4vn8hCE88qElocjEI2SY1eAs=
github.com/hbstack/search v0.1.7 h1:5u1aCCAqtuh0vHENqGOvKsJ0q7il7kO2zYnBWjETAFw=
github.com/hbstack/search v0.1.7/go.mod h1:VLRF5mP2a1YBMH+o+0zEFEclb+NzKlpZmIfY+1aIGDM=
github.com/hbstack/search v0.2.2 h1:OcGCw2cVzZlB48wogNatcbaHk2BB7Boc/ESt9txI4Gw=
github.com/hbstack/search v0.2.2/go.mod h1:sVNCCvokrCfydqCNF/q7kcAd+U73a7Y/0P+v8vJaC0I=
github.com/hbstack/slide v0.4.0 h1:rWrbEmL1bKW1VF1coMtMblDUwzMvVcm1MgvauFX6vMg=
github.com/hbstack/slide v0.4.0/go.mod h1:5LOWGyawNzSWFlW+3kuUBSrK15kottNvolEc7FVcYVg=
github.com/hbstack/snackbar v0.1.2 h1:/9R2CdWnLcOBobxzdpe30cgM1gcKJAXtbVbZtp2pgmY=
github.com/hbstack/snackbar v0.1.2/go.mod h1:4uZSGpI9ZtR9by0bA8yJW2y61sRks2W4a8VvyMluXuo=
github.com/hbstack/socials v0.16.0 h1:gR7NL/EBLQzqO31Tp/ITU7jtDuyDXfNskJyLtnpU0VM=
github.com/hbstack/socials v0.16.0/go.mod h1:9pfExMNoBMnQ0JV2ODURqUQsEC/HlgUo9b3jXdrHNM4=
github.com/hbstack/syntax-highlighting v0.1.0 h1:WxdhNgCktllNKQDqu1BmLmg9dsi77/dXIlcdQ8KZZI0=
github.com/hbstack/syntax-highlighting v0.1.0/go.mod h1:6IoaM+tSIkKZblIrT1i5L3zVH68nt4UScU9JB30FQsc=
github.com/hbstack/syntax-highlighting v0.2.0 h1:BP5SR/AbVlJyAFtVdgYjeqVZKmncEmuplTR5R2AUbw8=
github.com/hbstack/syntax-highlighting v0.2.0/go.mod h1:6IoaM+tSIkKZblIrT1i5L3zVH68nt4UScU9JB30FQsc=
github.com/hbstack/syntax-highlighting/styles/github-dark v0.1.0 h1:zZmB4BehiHeP4oKuzhfOi5R8EdLm/6XH8JLZyN7TB2k=
github.com/hbstack/syntax-highlighting/styles/github-dark v0.1.0/go.mod h1:Ho2j01IBLlAuDygUcVsOXUwPJ/Q4aL769sWa/pri1Mc=
github.com/hbstack/syntax-highlighting/styles/github-dark v0.1.1 h1:2epjvfTmU0fE22fmffvTG+i7cxwotramVeYiRrhHAhY=
github.com/hbstack/syntax-highlighting/styles/github-dark v0.1.1/go.mod h1:Ho2j01IBLlAuDygUcVsOXUwPJ/Q4aL769sWa/pri1Mc=
github.com/hbstack/syntax-highlighting/styles/gruvbox v0.1.0 h1:lGH8nqOU/+3yzHIk5s1nTrzHDImEnvLkr/0viuPfx3Y=
github.com/hbstack/syntax-highlighting/styles/gruvbox v0.1.0/go.mod h1:ar5ZFplNyVZCVG6rvo69co1hNZwptxtrDz3zproGLPg=
github.com/hbstack/syntax-highlighting/styles/gruvbox v0.1.1 h1:IzJlnkHGS8XhibNjUFvyV3YE7rc7WMsAhdxWZTbORI4=
github.com/hbstack/syntax-highlighting/styles/gruvbox v0.1.1/go.mod h1:ar5ZFplNyVZCVG6rvo69co1hNZwptxtrDz3zproGLPg=
github.com/henrygd/bigger-picture v1.1.17 h1:X41lEdmfYbLLgMdkH4F3Mdhipy8EQjA2w16u1y+BgM8=
github.com/henrygd/bigger-picture v1.1.17/go.mod h1:LayqbjDNNsZH+ZXklmjBe5T02qxpH9Cah/ygAraOBIk=
github.com/hugomods/ascii v0.1.0 h1:c7E0nV3z7PiNchGXkIuFBWsKym17k0iOo+o6Bp6bw30=
github.com/hugomods/ascii v0.1.0/go.mod h1:vvC2YaCuNBWl/8F/mfk9vMxVpwXluH80cROV9TDpmLk=
github.com/hugomods/base v0.7.2 h1:SShNl7koN79CEUdGQ65Knbf/c2k+bE+El5ManYWd8Cg=
github.com/hugomods/base v0.7.2/go.mod h1:hnWCPbVxuhXBwdFax3mmbMlWKmIo/7OP36MCLOyHtT4=
github.com/hugomods/bootstrap v0.6.0 h1:Hd+MUCB8YgrUeA95uvn0hpBUlKy7zkD1IQ6J1XEtA6k=
github.com/hugomods/bootstrap v0.6.0/go.mod h1:9TI50sOorZ+hlfE3stSNXoRWBB9q6ZS5d3yjW1JU8vs=
github.com/hugomods/bootstrap v0.7.2 h1:hb8G5aDp/1tITmpr1N0eI3yO5QgHtcXq/ymWhRylLm4=
github.com/hugomods/bootstrap v0.7.2/go.mod h1:NVii94xgqDocyD0+aAWamBLPJjNspfMynEdmIOXO3Vs=
github.com/hugomods/bootstrap v0.9.0 h1:sr0QTrpo63O5PufU38YTZxziWJT7CYGylUBqWrQ42GY=
github.com/hugomods/bootstrap v0.9.0/go.mod h1:NVii94xgqDocyD0+aAWamBLPJjNspfMynEdmIOXO3Vs=
github.com/hugomods/bootstrap v0.13.0 h1:0xtsCsx1Kek4iYpQHX1LLxHPYt/f7qABEGv1qPaWBSI=
github.com/hugomods/bootstrap v0.13.0/go.mod h1:7IkovSZw/9Grx2bgcTMielY5vvLjPBzy5x/bPIA1BlY=
github.com/hugomods/bootstrap v0.21.2/go.mod h1:3U2SkU7l1+n8/wJZwB8/2phYhvRyFwCMix7pPNJ4U+I=
github.com/hugomods/bootstrap v0.22.3 h1:q/lqm4rx0TefUALFFD54j19y7uu3toqYCOAWStebkYw=
github.com/hugomods/bootstrap v0.22.3/go.mod h1:OpcaTH8dMsWqCeSSJ8IGqjEvK2zghLm8wD8ka3d33jc=
github.com/hugomods/code-block-panel v0.7.1 h1:WP3xzQC++Bh5SiSke0csO0H1O4G6VejwdPazHD9DY5o=
github.com/hugomods/code-block-panel v0.7.1/go.mod h1:3J9yUxaShbhYvFFZbGVHcBoHPl6TUKLL3f2fTsnVNNg=
github.com/hugomods/fuse-js v0.1.0 h1:CmWHBZANvjOP44RDNQNLntqlLf9GLqeM29jekxTNcPE=
github.com/hugomods/fuse-js v0.1.0/go.mod h1:srCqvtBQR02HS/abTraDU4oINv1D3PljNPdexdoHhpo=
github.com/hugomods/giscus v0.1.0 h1:tIu1TzYByC/XlxxiBl9+CkQp9OeR4UhoZjbQSlcDt5E=
github.com/hugomods/giscus v0.1.0/go.mod h1:tCRkqNi/sMsLh3kjDesXZNzf4R/w+b5oc5boS/l8Jtw=
github.com/hugomods/giscus v0.1.1 h1:Kb8137Cp2nQJPFb6e+CdXy8nyIAJ2dFIymG4bDdaXWI=
github.com/hugomods/giscus v0.1.1/go.mod h1:tCRkqNi/sMsLh3kjDesXZNzf4R/w+b5oc5boS/l8Jtw=
github.com/hugomods/gravatar v0.2.0 h1:642HNhGN7Mw7qefNcUFJKzLoT2zJKt4IQkrS53mIUfA=
github.com/hugomods/gravatar v0.2.0/go.mod h1:oATWuh5u2XUK/ZKzOD0VEP5I/TZfVZwplTyhT61Q4Fc=
github.com/hugomods/hugopress v0.5.0 h1:eQHg1aKnc5StGFnV5H0BORhE0UmHYpaWHnX9QNseHrw=
github.com/hugomods/hugopress v0.5.0/go.mod h1:CRYvr60xOkZOf4Atkuj+uEj2EH5pjJ39Ws3aJAkoMkA=
github.com/hugomods/i18n-js v0.2.1 h1:uIUl4LiYdwo8IK08oq7OmluYLedL21Wc9Rig1taDTSI=
github.com/hugomods/i18n-js v0.2.1/go.mod h1:eJfxjgI2CQsNA1/ReIVvr5127DftUKcbHd2A2SQmDvU=
github.com/hugomods/icons v0.6.0 h1:G6RU93okhPPRDh/jqcew9gwkcYpSpg0rCBv4S6yUAFw=
github.com/hugomods/icons v0.6.4 h1:SeDMpN2kjc8mbuXfi8zED4IN5IGZmqJdmmUQr9tIpxw=
github.com/hugomods/icons v0.6.4/go.mod h1:cIkSvK6W0q6N4U6n9KGz+QfRWQXAW0INd+1P31gPNGg=
github.com/hugomods/icons/vendors/bootstrap v0.5.7 h1:k2oXx7EOqiqPv9SRb2mtSiPtdWMQUFhtwE3kd0+5QK4=
github.com/hugomods/icons/vendors/bootstrap v0.5.7/go.mod h1:bTxiIPJ/idHEc35EtvtwSODLpjI+R54BkGdikO3gCmY=
github.com/hugomods/icons/vendors/feather v0.2.1 h1:K4/QWcjBJM6X4CDVL3HkUQyecKV8liLMUUEZplnwEiw=
github.com/hugomods/icons/vendors/feather v0.2.1/go.mod h1:rJI9XA0BjqQPTQuJP0ciO0Dagl23W+t9sSbKO6NBXng=
github.com/hugomods/icons/vendors/feather v0.2.5 h1:qEldsvpaQifUGx7RGk73OqiWWPMPqFmc50MA5owFbFU=
github.com/hugomods/icons/vendors/feather v0.2.5/go.mod h1:dLqOrAWHMxJ33twAwnbHnM8TXx/9Zpbb5+CAeiqJbFQ=
github.com/hugomods/icons/vendors/font-awesome v0.6.0 h1:B5OwUkpVupNdtxyRlU+572HfCpvKhmIMX+8L49eTr3w=
github.com/hugomods/icons/vendors/font-awesome v0.6.0/go.mod h1:6e81kH7XzgVySHRQtc+cA4bSabpCuZHorQL8LPv7raE=
github.com/hugomods/icons/vendors/mdi v0.3.0 h1:Lb47OUzjlLjD5Ik41VRFZXs8pSNjo8j9WhhJvFEtR1E=
github.com/hugomods/icons/vendors/mdi v0.3.0/go.mod h1:wbBjb2paemrSK8pZZm1K8Nv3AfiUWXVedkuzVFbBa+4=
github.com/hugomods/icons/vendors/mdi v0.3.6 h1:CGMCi7aEHKBOYMdyKJF8FmEt1+9vV5Hvptp3qHY25Bo=
github.com/hugomods/icons/vendors/mdi v0.3.6/go.mod h1:XDQZ9k0Xmxy6Xh7idvjUkfb5DhDJmQPHCavlRHymSg8=
github.com/hugomods/icons/vendors/simple-icons v1.0.10 h1:2OxQDhnwJNm+2KiOTbQnPRqB0Z84t5eI4Fl8GJT/+lk=
github.com/hugomods/icons/vendors/simple-icons v1.0.10/go.mod h1:Q89vk6C3APCGLGitoKG4lcoZN/iCn5wVilAraxrxtFQ=
github.com/hugomods/icons/vendors/simple-icons v1.0.15 h1:0rB4YtVh7aaqOuWFHhFVR9tS1w+mOAQK/IxYlcPZG9w=
github.com/hugomods/icons/vendors/simple-icons v1.0.15/go.mod h1:oHaOlQ4ihibUBN59q0UT8yiTJ7RkgcSB14F9lCRBw10=
github.com/hugomods/icons/vendors/simple-icons v1.0.54 h1:hutoIKomABtlDkdPEfEOhMIndE8Z/eHn2tItyi0jl7A=
github.com/hugomods/icons/vendors/simple-icons v1.0.54/go.mod h1:lAfVp+/D/p4trFjOYi4E+xjzOi4Pp0Sn1r32AhGofXc=
github.com/hugomods/icons/vendors/simple-icons v1.0.55 h1:V6Nd8D2NkSunWre8QRvpgtgb89NsBzZbV11LnmJd0BM=
github.com/hugomods/icons/vendors/simple-icons v1.0.55/go.mod h1:DgADd72ssALNAevP4aSMLRFRIdvbPaMA5FKTWfFA+lc=
github.com/hugomods/icons/vendors/tabler v0.15.9 h1:9IYEgidjQNMt2AEYbD1ZRRDTGNiz71bSJJXNdKVhpgw=
github.com/hugomods/icons/vendors/tabler v0.15.9/go.mod h1:eTth8mADCfF+MwCLxn5xX3q80gH69Yr9DQIUNPqZKGI=
github.com/hugomods/icons/vendors/tabler v0.15.13 h1:dtRaECOCVIyM57k3WKISEA6XPkWVGcIA6Y1Jyd3+8ac=
github.com/hugomods/icons/vendors/tabler v0.15.13/go.mod h1:lKJ/JI6vlXFleH/ROjS62qLlaI+LWvCVRWxHnNpa9ko=
github.com/hugomods/icons/vendors/tabler v0.15.14 h1:RzYvzcXStAKcbS32557BxXg+g4U1BbsXye3hXQNSf4c=
github.com/hugomods/icons/vendors/tabler v0.15.14/go.mod h1:mCf/p1YG1ghk8K8zFCpjVuVhu1n6oq+arBe2nTinnqc=
github.com/hugomods/icons/vendors/tabler v0.15.44 h1:ed83nsFSibcV02Hk9Xq/lblwjA9ZTnzizIutW+BOzQk=
github.com/hugomods/icons/vendors/tabler v0.15.44/go.mod h1:zD2wwdqsUNeFb8svvMxhlZ1Rvs83STwLGztwbfTFHWw=
github.com/hugomods/icons/vendors/tabler v0.15.46 h1:0mDSlXDJ3SrsiL3TvArXborOztYFxAqvYSfu9EH7rTQ=
github.com/hugomods/icons/vendors/tabler v0.15.46/go.mod h1:XDb+v84IuN0UmYlGr0Mx/lCZ7UwuYTW8JN1fU9d62MQ=
github.com/hugomods/idb-js v0.1.0 h1:mA6hEGtR0aFEdmq9zYMGpfSpCU6SMilx9RzC4uK3DqY=
github.com/hugomods/idb-js v0.1.0/go.mod h1:GPfnmr+BQpP4s6Epd4Yu+RlUog8q/Djw8qy8BZFWZ04=
github.com/hugomods/images v0.11.2 h1:d7u3c/ePboeOGx8OI5eUnilpA79YvD7KJjUgqVMR83Y=
github.com/hugomods/images v0.11.2/go.mod h1:U6Gwj16LKvk66rOMyGFrnF6f0aV8lT89lqOsckOAjYY=
github.com/hugomods/katex v0.1.2 h1:F+G/zWPwdw06IhtdW6IQ0mqUsMVuEw+gWq+Y//CIjZE=
github.com/hugomods/katex v0.1.2/go.mod h1:PyYvL1TtHIE5jbDHGnCT1XEnKFqdkqveU7AJtcBruu8=
github.com/hugomods/katex v0.2.0 h1:h5hG0vnyL6dMzNiLeNMXb+VPwseZXoTORjzV6e6YgJw=
github.com/hugomods/katex v0.2.0/go.mod h1:8wO7jRjPT+M6UeipsJ0Hpah4LjWU9P6V5CO0eEKvL8U=
github.com/hugomods/katex v0.3.0/go.mod h1:EBY1YQTN6F8FDQz+mWp3EzEh8vDN31YjL9luVni+Wm0=
github.com/hugomods/katex v0.3.3 h1:TX6Tl5jgYXAXcNWKTC/0vI8p9MSBfwkVMTgJfakM3XA=
github.com/hugomods/katex v0.3.3/go.mod h1:i+fKI52f3QbiuK0ug5yRCB9ZJ/qUFERTk8UGuSZMQNQ=
github.com/hugomods/masonry-js v0.1.0 h1:mZagvVEWsgyIFViMY1ZkOOJfdFV5D76eB99SHgwhbRU=
github.com/hugomods/masonry-js v0.1.0/go.mod h1:+RHcqWxaZ9R4Z0GeAji1WiQ006/VxR5RLhOLpfVypio=
github.com/hugomods/mermaid v0.1.4 h1:/u0FZRSBMpqTbDh4XPBL7c6p0DUjvIkoo9cC89GASSI=
github.com/hugomods/mermaid v0.1.4/go.mod h1:GOID2Ko1vdrX03ZMaFNQL/vdTU1tZmGcVjOgBN8O42Y=
github.com/hugomods/pwa v0.9.0 h1:bEKFkP7xkow6IadY9hKEwPbdKeLC0XZfVT31gGP7CPc=
github.com/hugomods/pwa v0.9.0/go.mod h1:KpYK2Ffn969+Py5SzV3+iXYase4UoUeRAsd9jY7Q2Us=
github.com/hugomods/search v0.1.2 h1:WOhPTlPIGqfh3ZYKAsgPfC9pW80rW2axAE0MTErz+Uk=
github.com/hugomods/search v0.1.2/go.mod h1:DvQd/Hm/l+iPnOqH06c2F1Yk5UilWpTJwrmo12uSO/Q=
github.com/hugomods/search v0.4.5 h1:RC7OTkEAQjh49/SCh5Gw0+RFzeTDE+6J5XqMixVY6mw=
github.com/hugomods/search v0.4.5/go.mod h1:xdMNL0R06eMDyl8LVoFNp19lnFSNMFT+oje8j8N/WbI=
github.com/hugomods/search v0.14.0/go.mod h1:xPnDGjP/HCdEWJrJBwwdI2mEtdxFxp+wHBwSl/r2m00=
github.com/hugomods/search v0.17.1 h1:2pL3pVGmdzF0JxD/EEmE7/xDMPd7Y4eDTMNPxvKHYWw=
github.com/hugomods/search v0.17.1/go.mod h1:xPnDGjP/HCdEWJrJBwwdI2mEtdxFxp+wHBwSl/r2m00=
github.com/hugomods/seo/modules/alternatives v0.1.0 h1:G5IjM7j7ExgXEMyxQj1Z/5JwwRW8DEmL0nDJYxA3NhE=
github.com/hugomods/seo/modules/alternatives v0.1.0/go.mod h1:ff9uz+f5yii9k2jbwt/HKM3RpLR3EYZrNQBAOabNxMA=
github.com/hugomods/seo/modules/alternatives v0.1.1 h1:Y8NdyBhvkSfr43ZKtXvQBgOW9lHL0a6vC1UIZFNbMpo=
github.com/hugomods/seo/modules/alternatives v0.1.1/go.mod h1:y/VmIbVDnJWgcbhw0Rp8PP4RtvLhAx+URfvwl5SrWg0=
github.com/hugomods/seo/modules/base v0.1.3 h1:1RYumYqpmNTamOnoVjhu1u5S8dxx71awYcJaiIuJw60=
github.com/hugomods/seo/modules/base v0.1.3/go.mod h1:kKuDlSh6uMjNAfe4j1RFQze4HwTHVKWuLIRsMwENqxs=
github.com/hugomods/seo/modules/favicons v0.1.0 h1:3uzqOfzgBFdvGr8a7mh+yv03oXuxzXnHh+cWGJ4gCOQ=
github.com/hugomods/seo/modules/favicons v0.1.0/go.mod h1:xFDhrpWUZR4NMMVkilzT6xFBHiF5eyCQ8PlzOS2K9lY=
github.com/hugomods/seo/modules/favicons v0.2.0 h1:pzQMocbHHMNNiuE5vsCxE4qqaJBprYAUX4EOoiF+ynM=
github.com/hugomods/seo/modules/favicons v0.2.0/go.mod h1:xFDhrpWUZR4NMMVkilzT6xFBHiF5eyCQ8PlzOS2K9lY=
github.com/hugomods/seo/modules/favicons v0.2.2 h1:EMpCg9ef2bexFM8uz4UGCyYtM+X4x/aQWK5/0VaP1Y0=
github.com/hugomods/seo/modules/favicons v0.2.2/go.mod h1:Bb/Se6JHet2xnWBa2vxmePR/gCBptqVB82oy0GwN/Y8=
github.com/hugomods/seo/modules/open-graph v0.1.0 h1:Whveal1j1n2xZWcAlNAd2rdfKp7Fh5apol36wLGLb54=
github.com/hugomods/seo/modules/open-graph v0.1.0/go.mod h1:G7mXf7D1QtRN/i7A9v+cUF5P55H/QaxRqxJ8tp9fVq4=
github.com/hugomods/seo/modules/open-graph v0.1.1 h1:7IzWUnvvdbHQpCJWWJEDN1Ekw3cHrQ6wBXL8x6so0cA=
github.com/hugomods/seo/modules/open-graph v0.1.1/go.mod h1:LZ8Pg5t2eri5itVVlndGCjGyBH5zxcCOj3LM4dLehNo=
github.com/hugomods/seo/modules/schema v0.1.0 h1:vbkJn+2VIgqF7Y49xn3mFqZVbum+4zqNP+vnDEdwYL0=
github.com/hugomods/seo/modules/schema v0.1.0/go.mod h1:R6hRr2FIJITcMnFA/3V3dPAZgGQLNWGS7v1PLsmVRxU=
github.com/hugomods/seo/modules/schema v0.1.1 h1:8IuJxCOxk9pfKpCFMik5fDCX7zaFwkGoeKacnYV0sgA=
github.com/hugomods/seo/modules/schema v0.1.1/go.mod h1:R6hRr2FIJITcMnFA/3V3dPAZgGQLNWGS7v1PLsmVRxU=
github.com/hugomods/seo/modules/schema v0.1.3 h1:BoP40It+8jLyLJIk+QDQOS/ioKJvyIsNH81IXJjwxNE=
github.com/hugomods/seo/modules/schema v0.1.3/go.mod h1:BObpqP67u8l/hPm3iy0J5gSO/ZFCG0tYK/vRZ4JoZTw=
github.com/hugomods/seo/modules/translations v0.1.0 h1:wPDuPKGx/x+otHn2HfAankKCGQxSrC3gLHhRHpNjC18=
github.com/hugomods/seo/modules/translations v0.1.0/go.mod h1:yU2p2hk2dK86YNRU9zfoWRoCrYmrjEmf3oN7cCTbzcM=
github.com/hugomods/seo/modules/translations v0.1.1 h1:FFgOHA5qtkHt1YuyYoLnicrkaVYvEhbbSdT3k+38h4g=
github.com/hugomods/seo/modules/translations v0.1.1/go.mod h1:ARboWQ31UeIwpB2AiN/efWLfplTTjarZRGEgKkkg3CA=
github.com/hugomods/seo/modules/twitter-cards v0.1.0 h1:jH9WfmFZ3kCndUkATM/D/BYL+TQYoXA7/IxgQJbifKQ=
github.com/hugomods/seo/modules/twitter-cards v0.1.0/go.mod h1:QYs7SWbhXSQrsn/RHZSD7DwzaCHFpoLQdVPxEI3j63k=
github.com/hugomods/seo/modules/twitter-cards v0.1.1 h1:1cxNnftQ8MdajH48tB46DQ6eoCzrV1dQuVKLiKGFWwM=
github.com/hugomods/seo/modules/twitter-cards v0.1.1/go.mod h1:KA6MA3GbyQZdd3vloDgcTFBoztmqEJI8R59whcSxpf4=
github.com/hugomods/shortcodes v0.22.0 h1:Qx8vNYgMyc/kAtuAJkJVazidBRZhBN3NEngJ/OEUWd4=
github.com/hugomods/shortcodes v0.22.0/go.mod h1:EnVopbZMNI/HeteM3Lp3phBTCRLvPSe7l142qhRFFPY=
github.com/hugomods/simple-icons v13.11.0+incompatible h1:AtCB2qGZkGNe2y1r4MmXiFu4piTi8hJFK+H+ZIXwUVQ=
github.com/hugomods/simple-icons v13.11.0+incompatible/go.mod h1:1Lvymol7AMVY7ji/o88jMoDHHZIJ5Wc+WwNe5hjmk+U=
github.com/hugomods/simple-icons v13.12.0+incompatible h1:1EximB3TkyUYERRs4iHj31hDmY06B8I1qN7s9Ztcgvg=
github.com/hugomods/simple-icons v13.12.0+incompatible/go.mod h1:1Lvymol7AMVY7ji/o88jMoDHHZIJ5Wc+WwNe5hjmk+U=
github.com/hugomods/snackbar v0.1.1 h1:tw5RFmNL7Wc0YGkoMFAevJIZDCmVFwrMpQ4dPSF3BWQ=
github.com/hugomods/snackbar v0.1.1/go.mod h1:ykFm0IFibeQPuPAm8Gaa27xJS/bNZcSez4omVSl2gQ0=
github.com/hugomods/snackbar v0.1.2 h1:SLpfH9jlYwf81epH7DvM2XTZHo+3fXXpk6XKtxmo964=
github.com/hugomods/snackbar v0.1.2/go.mod h1:ykFm0IFibeQPuPAm8Gaa27xJS/bNZcSez4omVSl2gQ0=
github.com/hugomods/workbox v0.1.0 h1:yxuTj3gT1BNf6OitxrjxSJXfmbFBj2UTwdWr142eYFQ=
github.com/hugomods/workbox v0.1.0/go.mod h1:RpFcIcltqYsiHWJV6PHPOdMagFZxO7nrO5XUpn/TMoc=
github.com/jakearchibald/idb v7.1.1+incompatible h1:/o1ng3qUjgMUeeKFim3J3tiQAitcVXU12pXIjSzwT/c=
github.com/jakearchibald/idb v7.1.1+incompatible/go.mod h1:AuDoW54s2DKfbclM+ScrnPp8ahUQ9rHph9bb8sZTEXc=
github.com/jakearchibald/idb v8.0.0+incompatible h1:sTNGHgh+JoyQ4Eqey+1ScX4F03uTsYGhs2MbVSJNfF4=
github.com/jakearchibald/idb v8.0.0+incompatible/go.mod h1:AuDoW54s2DKfbclM+ScrnPp8ahUQ9rHph9bb8sZTEXc=
github.com/krisk/Fuse v7.0.0+incompatible h1:jVyg6No+Joc51Rn97QQYJZIpCxzd4ywACn/4+FKWjvo=
github.com/krisk/Fuse v7.0.0+incompatible/go.mod h1:3moWv8rDjwoKic9nwiPLgZjldkbdTAbtzJHCu/Vsj4A=
github.com/tabler/tabler-icons v3.17.0+incompatible h1:pNhgqCqp8e+TKU7X/mMF+P200D/IUiSZEtk8iskSsDI=
github.com/tabler/tabler-icons v3.17.0+incompatible/go.mod h1:Ap75CRdhXxprnUnPlUCRLvJ2pIFNqwxIipj3GfD6XHE=
github.com/tabler/tabler-icons v3.18.0+incompatible h1:9TjovbItohdb3ML7tWGmBqRZYkQyhWVID8+uqO4ku1A=
github.com/tabler/tabler-icons v3.18.0+incompatible/go.mod h1:Ap75CRdhXxprnUnPlUCRLvJ2pIFNqwxIipj3GfD6XHE=
github.com/tabler/tabler-icons v3.19.0+incompatible h1:XRNjEZtwCmKwHQmnHbJZU5GQf4Fl41TrxvJPdGTjoeo=
github.com/tabler/tabler-icons v3.19.0+incompatible/go.mod h1:Ap75CRdhXxprnUnPlUCRLvJ2pIFNqwxIipj3GfD6XHE=
github.com/twbs/bootstrap v5.3.2+incompatible/go.mod h1:fZTSrkpSf0/HkL0IIJzvVspTt1r9zuf7XlZau8kpcY0=
github.com/twbs/bootstrap v5.3.3+incompatible h1:goFoqinzdHfkeegpFP7pvhbd0g+A3O2hbU3XCjuNrEQ=
github.com/twbs/bootstrap v5.3.3+incompatible/go.mod h1:fZTSrkpSf0/HkL0IIJzvVspTt1r9zuf7XlZau8kpcY0=
github.com/twbs/icons v1.11.3 h1:XhvrQ1XDom9ggBbQx3wQCFGEr8qAQwQP/dAcw8OXMtA=
github.com/twbs/icons v1.11.3/go.mod h1:GnRlymgVWp5iVJCMa0Me5b6tFyGpVc2bSxPMRGIJmyA=
